
Microsoft Visual Studio Solution File, Format Version 12.00
# Visual Studio Version 16
VisualStudioVersion = 16.0.31911.196
MinimumVisualStudioVersion = 10.0.40219.1
Project("{9A19103F-16F7-4668-BE54-9A1E7A4F7556}") = "NTSED", "NTSED\NTSED.csproj", "{CC63D3D0-C50B-4013-88F8-BC827B30BD30}"
EndProject
Project("{9A19103F-16F7-4668-BE54-9A1E7A4F7556}") = "CCore.Net", "CCore.Net\CCore.Net\CCore.Net.csproj", "{3D97D439-2775-4AF8-9C75-26B7635CADC3}"
EndProject
Project("{9A19103F-16F7-4668-BE54-9A1E7A4F7556}") = "CCore.Net.Test", "CCore.Net\CCore.Net.Test\CCore.Net.Test.csproj", "{8F93E6B1-97E7-47B8-87F3-E791FD0341A7}"
EndProject
Global
	GlobalSection(SolutionConfigurationPlatforms) = preSolution
		Debug|Any CPU = Debug|Any CPU
		Release|Any CPU = Release|Any CPU
	EndGlobalSection
	GlobalSection(ProjectConfigurationPlatforms) = postSolution
		{CC63D3D0-C50B-4013-88F8-BC827B30BD30}.Debug|Any CPU.ActiveCfg = Debug|Any CPU
		{CC63D3D0-C50B-4013-88F8-BC827B30BD30}.Debug|Any CPU.Build.0 = Debug|Any CPU
		{CC63D3D0-C50B-4013-88F8-BC827B30BD30}.Release|Any CPU.ActiveCfg = Release|Any CPU
		{CC63D3D0-C50B-4013-88F8-BC827B30BD30}.Release|Any CPU.Build.0 = Release|Any CPU
		{3D97D439-2775-4AF8-9C75-26B7635CADC3}.Debug|Any CPU.ActiveCfg = Debug|Any CPU
		{3D97D439-2775-4AF8-9C75-26B7635CADC3}.Debug|Any CPU.Build.0 = Debug|Any CPU
		{3D97D439-2775-4AF8-9C75-26B7635CADC3}.Release|Any CPU.ActiveCfg = Release|Any CPU
		{3D97D439-2775-4AF8-9C75-26B7635CADC3}.Release|Any CPU.Build.0 = Release|Any CPU
		{8F93E6B1-97E7-47B8-87F3-E791FD0341A7}.Debug|Any CPU.ActiveCfg = Debug|Any CPU
		{8F93E6B1-97E7-47B8-87F3-E791FD0341A7}.Debug|Any CPU.Build.0 = Debug|Any CPU
		{8F93E6B1-97E7-47B8-87F3-E791FD0341A7}.Release|Any CPU.ActiveCfg = Release|Any CPU
		{8F93E6B1-97E7-47B8-87F3-E791FD0341A7}.Release|Any CPU.Build.0 = Release|Any CPU
	EndGlobalSection
	GlobalSection(SolutionProperties) = preSolution
		HideSolutionNode = FALSE
	EndGlobalSection
	GlobalSection(ExtensibilityGlobals) = postSolution
		SolutionGuid = {FA8C5C53-F4A4-4567-8C3C-04A7B6A91E54}
	EndGlobalSection
EndGlobal
